// !$*UTF8*$!
{
	archiveVersion = 1;
	classes = {
	};
	objectVersion = 50;
	objects = {

/* Begin PBXBuildFile section */
		91CA26DD207237C500322EFE /* AppDelegate.m in Sources */ = {isa = PBXBuildFile; fileRef = 91CA26DC207237C500322EFE /* AppDelegate.m */; };
		91CA26E0207237C500322EFE /* MasterViewController.m in Sources */ = {isa = PBXBuildFile; fileRef = 91CA26DF207237C500322EFE /* MasterViewController.m */; };
		91CA26E3207237C500322EFE /* Main.storyboard in Resources */ = {isa = PBXBuildFile; fileRef = 91CA26E1207237C500322EFE /* Main.storyboard */; };
		91CA26E5207237C500322EFE /* Assets.xcassets in Resources */ = {isa = PBXBuildFile; fileRef = 91CA26E4207237C500322EFE /* Assets.xcassets */; };
		91CA26E8207237C500322EFE /* LaunchScreen.storyboard in Resources */ = {isa = PBXBuildFile; fileRef = 91CA26E6207237C500322EFE /* LaunchScreen.storyboard */; };
		91CA26EB207237C500322EFE /* main.m in Sources */ = {isa = PBXBuildFile; fileRef = 91CA26EA207237C500322EFE /* main.m */; };
/* End PBXBuildFile section */

/* Begin PBXFileReference section */
		91CA26D8207237C500322EFE /* MultiSelectTableView.app */ = {isa = PBXFileReference; explicitFileType = wrapper.application; includeInIndex = 0; path = MultiSelectTableView.app; sourceTree = BUILT_PRODUCTS_DIR; };
		91CA26DB207237C500322EFE /* AppDelegate.h */ = {isa = PBXFileReference; lastKnownFileType = sourcecode.c.h; path = AppDelegate.h; sourceTree = "<group>"; };
		91CA26DC207237C500322EFE /* AppDelegate.m */ = {isa = PBXFileReference; lastKnownFileType = sourcecode.c.objc; path = AppDelegate.m; sourceTree = "<group>"; };
		91CA26DE207237C500322EFE /* MasterViewController.h */ = {isa = PBXFileReference; lastKnownFileType = sourcecode.c.h; path = MasterViewController.h; sourceTree = "<group>"; };
		91CA26DF207237C500322EFE /* MasterViewController.m */ = {isa = PBXFileReference; lastKnownFileType = sourcecode.c.objc; path = MasterViewController.m; sourceTree = "<group>"; };
		91CA26E2207237C500322EFE /* Base */ = {isa = PBXFileReference; lastKnownFileType = file.storyboard; name = Base; path = Base.lproj/Main.storyboard; sourceTree = "<group>"; };
		91CA26E4207237C500322EFE /* Assets.xcassets */ = {isa = PBXFileReference; lastKnownFileType = folder.assetcatalog; path = Assets.xcassets; sourceTree = "<group>"; };
		91CA26E7207237C500322EFE /* Base */ = {isa = PBXFileReference; lastKnownFileType = file.storyboard; name = Base; path = Base.lproj/LaunchScreen.storyboard; sourceTree = "<group>"; };
		91CA26E9207237C500322EFE /* Info.plist */ = {isa = PBXFileReference; lastKnownFileType = text.plist.xml; path = Info.plist; sourceTree = "<group>"; };
		91CA26EA207237C500322EFE /* main.m */ = {isa = PBXFileReference; lastKnownFileType = sourcecode.c.objc; path = main.m; sourceTree = "<group>"; };
/* End PBXFileReference section */

/* Begin PBXFrameworksBuildPhase section */
		91CA26D5207237C500322EFE /* Frameworks */ = {
			isa = PBXFrameworksBuildPhase;
			buildActionMask = 2147483647;
			files = (
			);
			runOnlyForDeploymentPostprocessing = 0;
		};
/* End PBXFrameworksBuildPhase section */

/* Begin PBXGroup section */
		91CA26CF207237C500322EFE = {
			isa = PBXGroup;
			children = (
				91CA26DA207237C500322EFE /* MultiSelectTableView */,
				91CA26D9207237C500322EFE /* Products */,
			);
			sourceTree = "<group>";
		};
		91CA26D9207237C500322EFE /* Products */ = {
			isa = PBXGroup;
			children = (
				91CA26D8207237C500322EFE /* MultiSelectTableView.app */,
			);
			name = Products;
			sourceTree = "<group>";
		};
		91CA26DA207237C500322EFE /* MultiSelectTableView */ = {
			isa = PBXGroup;
			children = (
				91CA26DB207237C500322EFE /* AppDelegate.h */,
				91CA26DC207237C500322EFE /* AppDelegate.m */,
				91CA26DE207237C500322EFE /* MasterViewController.h */,
				91CA26DF207237C500322EFE /* MasterViewController.m */,
				91CA26E1207237C500322EFE /* Main.storyboard */,
				91CA26E4207237C500322EFE /* Assets.xcassets */,
				91CA26E6207237C500322EFE /* LaunchScreen.storyboard */,
				91CA26E9207237C500322EFE /* Info.plist */,
				91CA26EA207237C500322EFE /* main.m */,
			);
			path = MultiSelectTableView;
			sourceTree = "<group>";
		};
/* End PBXGroup section */

/* Begin PBXNativeTarget section */
		91CA26D7207237C500322EFE /* MultiSelectTableView */ = {
			isa = PBXNativeTarget;
			buildConfigurationList = 91CA26EE207237C500322EFE /* Build configuration list for PBXNativeTarget "MultiSelectTableView" */;
			buildPhases = (
				91CA26D4207237C500322EFE /* Sources */,
				91CA26D5207237C500322EFE /* Frameworks */,
				91CA26D6207237C500322EFE /* Resources */,
			);
			buildRules = (
			);
			dependencies = (
			);
			name = MultiSelectTableView;
			productName = MultiSelectTableView;
			productReference = 91CA26D8207237C500322EFE /* MultiSelectTableView.app */;
			productType = "com.apple.product-type.application";
		};
/* End PBXNativeTarget section */

/* Begin PBXProject section */
		91CA26D0207237C500322EFE /* Project object */ = {
			isa = PBXProject;
			attributes = {
				LastUpgradeCheck = 0930;
				ORGANIZATIONNAME = tlc;
				TargetAttributes = {
					91CA26D7207237C500322EFE = {
						CreatedOnToolsVersion = 9.3;
					};
				};
			};
			buildConfigurationList = 91CA26D3207237C500322EFE /* Build configuration list for PBXProject "MultiSelectTableView" */;
			compatibilityVersion = "Xcode 9.3";
			developmentRegion = en;
			hasScannedForEncodings = 0;
			knownRegions = (
				en,
				Base,
			);
			mainGroup = 91CA26CF207237C500322EFE;
			productRefGroup = 91CA26D9207237C500322EFE /* Products */;
			projectDirPath = "";
			projectRoot = "";
			targets = (
				91CA26D7207237C500322EFE /* MultiSelectTableView */,
			);
		};
/* End PBXProject section */

/* Begin PBXResourcesBuildPhase section */
		91CA26D6207237C500322EFE /* Resources */ = {
			isa = PBXResourcesBuildPhase;
			buildActionMask = 2147483647;
			files = (
				91CA26E8207237C500322EFE /* LaunchScreen.storyboard in Resources */,
				91CA26E5207237C500322EFE /* Assets.xcassets in Resources */,
				91CA26E3207237C500322EFE /* Main.storyboard in Resources */,
			);
			runOnlyForDeploymentPostprocessing = 0;
		};
/* End PBXResourcesBuildPhase section */

/* Begin PBXSourcesBuildPhase section */
		91CA26D4207237C500322EFE /* Sources */ = {
			isa = PBXSourcesBuildPhase;
			buildActionMask = 2147483647;
			files = (
				91CA26E0207237C500322EFE /* MasterViewController.m in Sources */,
				91CA26EB207237C500322EFE /* main.m in Sources */,
				91CA26DD207237C500322EFE /* AppDelegate.m in Sources */,
			);
			runOnlyForDeploymentPostprocessing = 0;
		};
/* End PBXSourcesBuildPhase section */

/* Begin PBXVariantGroup section */
		91CA26E1207237C500322EFE /* Main.storyboard */ = {
			isa = PBXVariantGroup;
			children = (
				91CA26E2207237C500322EFE /* Base */,
			);
			name = Main.storyboard;
			sourceTree = "<group>";
		};
		91CA26E6207237C500322EFE /* LaunchScreen.storyboard */ = {
			isa = PBXVariantGroup;
			children = (
				91CA26E7207237C500322EFE /* Base */,
			);
			name = LaunchScreen.storyboard;
			sourceTree = "<group>";
		};
/* End PBXVariantGroup section */

/* Begin XCBuildConfiguration section */
		91CA26EC207237C500322EFE /* Debug */ = {
			isa = XCBuildConfiguration;
			buildSettings = {
				ALWAYS_SEARCH_USER_PATHS = NO;
				CLANG_ANALYZER_NONNULL = YES;
				CLANG_ANALYZER_NUMBER_OBJECT_CONVERSION = YES_AGGRESSIVE;
				CLANG_CXX_LANGUAGE_STANDARD = "gnu++14";
				CLANG_CXX_LIBRARY = "libc++";
				CLANG_ENABLE_MODULES = YES;
				CLANG_ENABLE_OBJC_ARC = YES;
				CLANG_ENABLE_OBJC_WEAK = YES;
				CLANG_WARN_BLOCK_CAPTURE_AUTORELEASING = YES;
				CLANG_WARN_BOOL_CONVERSION = YES;
				CLANG_WARN_COMMA = YES;
				CLANG_WARN_CONSTANT_CONVERSION = YES;
				CLANG_WARN_DEPRECATED_OBJC_IMPLEMENTATIONS = YES;
				CLANG_WARN_DIRECT_OBJC_ISA_USAGE = YES_ERROR;
				CLANG_WARN_DOCUMENTATION_COMMENTS = YES;
				CLANG_WARN_EMPTY_BODY = YES;
				CLANG_WARN_ENUM_CONVERSION = YES;
				CLANG_WARN_INFINITE_RECURSION = YES;
				CLANG_WARN_INT_CONVERSION = YES;
				CLANG_WARN_NON_LITERAL_NULL_CONVERSION = YES;
				CLANG_WARN_OBJC_IMPLICIT_RETAIN_SELF = YES;
				CLANG_WARN_OBJC_LITERAL_CONVERSION = YES;
				CLANG_WARN_OBJC_ROOT_CLASS = YES_ERROR;
				CLANG_WARN_RANGE_LOOP_ANALYSIS = YES;
				CLANG_WARN_STRICT_PROTOTYPES = YES;
				CLANG_WARN_SUSPICIOUS_MOVE = YES;
				CLANG_WARN_UNGUARDED_AVAILABILITY = YES_AGGRESSIVE;
				CLANG_WARN_UNREACHABLE_CODE = YES;
				CLANG_WARN__DUPLICATE_METHOD_MATCH = YES;
				CODE_SIGN_IDENTITY = "iPhone Developer";
				COPY_PHASE_STRIP = NO;
				DEBUG_INFORMATION_FORMAT = dwarf;
				ENABLE_STRICT_OBJC_MSGSEND = YES;
				ENABLE_TESTABILITY = YES;
				GCC_C_LANGUAGE_STANDARD = gnu11;
				GCC_DYNAMIC_NO_PIC = NO;
				GCC_NO_COMMON_BLOCKS = YES;
				GCC_OPTIMIZATION_LEVEL = 0;
				GCC_PREPROCESSOR_DEFINITIONS = (
					"DEBUG=1",
					"$(inherited)",
				);
				GCC_WARN_64_TO_32_BIT_CONVERSION = YES;
				GCC_WARN_ABOUT_RETURN_TYPE = YES_ERROR;
				GCC_WARN_UNDECLARED_SELECTOR = YES;
				GCC_WARN_UNINITIALIZED_AUTOS = YES_AGGRESSIVE;
				GCC_WARN_UNUSED_FUNCTION = YES;
				GCC_WARN_UNUSED_VARIABLE = YES;
				IPHONEOS_DEPLOYMENT_TARGET = 11.3;
				MTL_ENABLE_DEBUG_INFO = YES;
				ONLY_ACTIVE_ARCH = YES;
				SDKROOT = iphoneos;
			};
			name = Debug;
		};
		91CA26ED207237C500322EFE /* Release */ = {
			isa = XCBuildConfiguration;
			buildSettings = {
				ALWAYS_SEARCH_USER_PATHS = NO;
				CLANG_ANALYZER_NONNULL = YES;
				CLANG_ANALYZER_NUMBER_OBJECT_CONVERSION = YES_AGGRESSIVE;
				CLANG_CXX_LANGUAGE_STANDARD = "gnu++14";
				CLANG_CXX_LIBRARY = "libc++";
				CLANG_ENABLE_MODULES = YES;
				CLANG_ENABLE_OBJC_ARC = YES;
				CLANG_ENABLE_OBJC_WEAK = YES;
				CLANG_WARN_BLOCK_CAPTURE_AUTORELEASING = YES;
				CLANG_WARN_BOOL_CONVERSION = YES;
				CLANG_WARN_COMMA = YES;
				CLANG_WARN_CONSTANT_CONVERSION = YES;
				CLANG_WARN_DEPRECATED_OBJC_IMPLEMENTATIONS = YES;
				CLANG_WARN_DIRECT_OBJC_ISA_USAGE = YES_ERROR;
				CLANG_WARN_DOCUMENTATION_COMMENTS = YES;
				CLANG_WARN_EMPTY_BODY = YES;
				CLANG_WARN_ENUM_CONVERSION = YES;
				CLANG_WARN_INFINITE_RECURSION = YES;
				CLANG_WARN_INT_CONVERSION = YES;
				CLANG_WARN_NON_LITERAL_NULL_CONVERSION = YES;
				CLANG_WARN_OBJC_IMPLICIT_RETAIN_SELF = YES;
				CLANG_WARN_OBJC_LITERAL_CONVERSION = YES;
				CLANG_WARN_OBJC_ROOT_CLASS = YES_ERROR;
				CLANG_WARN_RANGE_LOOP_ANALYSIS = YES;
				CLANG_WARN_STRICT_PROTOTYPES = YES;
				CLANG_WARN_SUSPICIOUS_MOVE = YES;
				CLANG_WARN_UNGUARDED_AVAILABILITY = YES_AGGRESSIVE;
				CLANG_WARN_UNREACHABLE_CODE = YES;
				CLANG_WARN__DUPLICATE_METHOD_MATCH = YES;
				CODE_SIGN_IDENTITY = "iPhone Developer";
				COPY_PHASE_STRIP = NO;
				DEBUG_INFORMATION_FORMAT = "dwarf-with-dsym";
				ENABLE_NS_ASSERTIONS = NO;
				ENABLE_STRICT_OBJC_MSGSEND = YES;
				GCC_C_LANGUAGE_STANDARD = gnu11;
				GCC_NO_COMMON_BLOCKS = YES;
				GCC_WARN_64_TO_32_BIT_CONVERSION = YES;
				GCC_WARN_ABOUT_RETURN_TYPE = YES_ERROR;
				GCC_WARN_UNDECLARED_SELECTOR = YES;
				GCC_WARN_UNINITIALIZED_AUTOS = YES_AGGRESSIVE;
				GCC_WARN_UNUSED_FUNCTION = YES;
				GCC_WARN_UNUSED_VARIABLE = YES;
				IPHONEOS_DEPLOYMENT_TARGET = 11.3;
				MTL_ENABLE_DEBUG_INFO = NO;
				SDKROOT = iphoneos;
				VALIDATE_PRODUCT = YES;
			};
			name = Release;
		};
		91CA26EF207237C500322EFE /* Debug */ = {
			isa = XCBuildConfiguration;
			buildSettings = {
				ASSETCATALOG_COMPILER_APPICON_NAME = AppIcon;
				CODE_SIGN_STYLE = Automatic;
				DEVELOPMENT_TEAM = T39PJ29RKH;
				INFOPLIST_FILE = MultiSelectTableView/Info.plist;
				LD_RUNPATH_SEARCH_PATHS = (
					"$(inherited)",
					"@executable_path/Frameworks",
				);
				PRODUCT_BUNDLE_IDENTIFIER = com.tianlinchun.MultiSelectTableView;
				PRODUCT_NAME = "$(TARGET_NAME)";
				TARGETED_DEVICE_FAMILY = "1,2";
			};
			name = Debug;
		};
		91CA26F0207237C500322EFE /* Release */ = {
			isa = XCBuildConfiguration;
			buildSettings = {
				ASSETCATALOG_COMPILER_APPICON_NAME = AppIcon;
				CODE_SIGN_STYLE = Automatic;
				DEVELOPMENT_TEAM = T39PJ29RKH;
				INFOPLIST_FILE = MultiSelectTableView/Info.plist;
				LD_RUNPATH_SEARCH_PATHS = (
					"$(inherited)",
					"@executable_path/Frameworks",
				);
				PRODUCT_BUNDLE_IDENTIFIER = com.tianlinchun.MultiSelectTableView;
				PRODUCT_NAME = "$(TARGET_NAME)";
				TARGETED_DEVICE_FAMILY = "1,2";
			};
			name = Release;
		};
/* End XCBuildConfiguration section */

/* Begin XCConfigurationList section */
		91CA26D3207237C500322EFE /* Build configuration list for PBXProject "MultiSelectTableView" */ = {
			isa = XCConfigurationList;
			buildConfigurations = (
				91CA26EC207237C500322EFE /* Debug */,
				91CA26ED207237C500322EFE /* Release */,
			);
			defaultConfigurationIsVisible = 0;
			defaultConfigurationName = Release;
		};
		91CA26EE207237C500322EFE /* Build configuration list for PBXNativeTarget "MultiSelectTableView" */ = {
			isa = XCConfigurationList;
			buildConfigurations = (
				91CA26EF207237C500322EFE /* Debug */,
				91CA26F0207237C500322EFE /* Release */,
			);
			defaultConfigurationIsVisible = 0;
			defaultConfigurationName = Release;
		};
/* End XCConfigurationList section */
	};
	rootObject = 91CA26D0207237C500322EFE /* Project object */;
}
